
Microsoft Visual Studio Solution File, Format Version 12.00
# Visual Studio Version 17
VisualStudioVersion = 17.0.31903.59
MinimumVisualStudioVersion = 10.0.40219.1
Project("{9A19103F-16F7-4668-BE54-9A1E7A4F7556}") = "VW.Factory", "VW.Factory\VW.Factory.csproj", "{5F0882C2-0B79-40CD-BD96-A742A104F862}"
EndProject
Project("{FAE04EC0-301F-11D3-BF4B-00C04F79EFBC}") = "workshop.basketexample", "workshop.basketexample\workshop.basketexample.csproj", "{29BD2EDE-9E3E-4436-80C1-933B520D30F1}"
EndProject
Project("{FAE04EC0-301F-11D3-BF4B-00C04F79EFBC}") = "workshop.tests", "workshop.tests\workshop.tests.csproj", "{4CCFE39E-8164-4F5F-B86B-FBB6D0AA38D4}"
EndProject
Project("{FAE04EC0-301F-11D3-BF4B-00C04F79EFBC}") = "workshop.serviceexample", "workshop.serviceexample\workshop.serviceexample.csproj", "{7F20E1A6-1C14-43DB-A4BC-52147E56019A}"
EndProject
Project("{FAE04EC0-301F-11D3-BF4B-00C04F79EFBC}") = "workshop.musicians", "workshop.musicians\workshop.musicians.csproj", "{115921EC-3760-4657-900B-84E8E325F44D}"
EndProject
Project("{FAE04EC0-301F-11D3-BF4B-00C04F79EFBC}") = "workshop.lists", "workshop.lists\workshop.lists.csproj", "{F241727F-21F8-4477-9D1A-F97DF78F95DC}"
EndProject
Global
	GlobalSection(SolutionConfigurationPlatforms) = preSolution
		Debug|Any CPU = Debug|Any CPU
		Release|Any CPU = Release|Any CPU
	EndGlobalSection
	GlobalSection(ProjectConfigurationPlatforms) = postSolution
		{5F0882C2-0B79-40CD-BD96-A742A104F862}.Debug|Any CPU.ActiveCfg = Debug|Any CPU
		{5F0882C2-0B79-40CD-BD96-A742A104F862}.Debug|Any CPU.Build.0 = Debug|Any CPU
		{5F0882C2-0B79-40CD-BD96-A742A104F862}.Release|Any CPU.ActiveCfg = Release|Any CPU
		{5F0882C2-0B79-40CD-BD96-A742A104F862}.Release|Any CPU.Build.0 = Release|Any CPU
		{29BD2EDE-9E3E-4436-80C1-933B520D30F1}.Debug|Any CPU.ActiveCfg = Debug|Any CPU
		{29BD2EDE-9E3E-4436-80C1-933B520D30F1}.Debug|Any CPU.Build.0 = Debug|Any CPU
		{29BD2EDE-9E3E-4436-80C1-933B520D30F1}.Release|Any CPU.ActiveCfg = Release|Any CPU
		{29BD2EDE-9E3E-4436-80C1-933B520D30F1}.Release|Any CPU.Build.0 = Release|Any CPU
		{4CCFE39E-8164-4F5F-B86B-FBB6D0AA38D4}.Debug|Any CPU.ActiveCfg = Debug|Any CPU
		{4CCFE39E-8164-4F5F-B86B-FBB6D0AA38D4}.Debug|Any CPU.Build.0 = Debug|Any CPU
		{4CCFE39E-8164-4F5F-B86B-FBB6D0AA38D4}.Release|Any CPU.ActiveCfg = Release|Any CPU
		{4CCFE39E-8164-4F5F-B86B-FBB6D0AA38D4}.Release|Any CPU.Build.0 = Release|Any CPU
		{7F20E1A6-1C14-43DB-A4BC-52147E56019A}.Debug|Any CPU.ActiveCfg = Debug|Any CPU
		{7F20E1A6-1C14-43DB-A4BC-52147E56019A}.Debug|Any CPU.Build.0 = Debug|Any CPU
		{7F20E1A6-1C14-43DB-A4BC-52147E56019A}.Release|Any CPU.ActiveCfg = Release|Any CPU
		{7F20E1A6-1C14-43DB-A4BC-52147E56019A}.Release|Any CPU.Build.0 = Release|Any CPU
		{115921EC-3760-4657-900B-84E8E325F44D}.Debug|Any CPU.ActiveCfg = Debug|Any CPU
		{115921EC-3760-4657-900B-84E8E325F44D}.Debug|Any CPU.Build.0 = Debug|Any CPU
		{115921EC-3760-4657-900B-84E8E325F44D}.Release|Any CPU.ActiveCfg = Release|Any CPU
		{115921EC-3760-4657-900B-84E8E325F44D}.Release|Any CPU.Build.0 = Release|Any CPU
		{F241727F-21F8-4477-9D1A-F97DF78F95DC}.Debug|Any CPU.ActiveCfg = Debug|Any CPU
		{F241727F-21F8-4477-9D1A-F97DF78F95DC}.Debug|Any CPU.Build.0 = Debug|Any CPU
		{F241727F-21F8-4477-9D1A-F97DF78F95DC}.Release|Any CPU.ActiveCfg = Release|Any CPU
		{F241727F-21F8-4477-9D1A-F97DF78F95DC}.Release|Any CPU.Build.0 = Release|Any CPU
	EndGlobalSection
	GlobalSection(SolutionProperties) = preSolution
		HideSolutionNode = FALSE
	EndGlobalSection
	GlobalSection(ExtensibilityGlobals) = postSolution
		SolutionGuid = {CA34ABB1-4C19-41B8-9938-FA80AA10D104}
	EndGlobalSection
EndGlobal
